hash: 1c4999e436181afdfca4080ea07092904cfdf6fcad36db2498914be603483531
updated: 2016-06-16T18:48:59.073903484+08:00
imports:
- name: github.com/eclipse/paho.mqtt.golang
  version: 45f9b18f4864c81d49c3ed01e5faec9eeb05de31
  subpackages:
  - packets
- name: github.com/golang/protobuf
  version: 0c1f6d65b5a189c2250d10e71a5506f06f9fa0a0
  subpackages:
  - proto
- name: github.com/gorilla/handlers
  version: 66e6c6f01d8da976ee113437745ca029c2b585a6
- name: github.com/gorilla/websocket
  version: a68708917c6a4f06314ab4e52493cc61359c9d42
- name: github.com/hashicorp/consul
  version: 6d35960361f10a74eb1454bedef24ab7f87a636e
  subpackages:
  - api
  - watch
- name: github.com/hashicorp/go-cleanhttp
  version: 875fb671b3ddc66f8e2f0acc33829c8cb989a38d
- name: github.com/hashicorp/serf
  version: 6c4672d66fc6312ddde18399262943e21175d831
  subpackages:
  - coordinate
  - serf
- name: github.com/micro/cli
  version: 3d2263bb092286dde294a31049c92665f8373820
- name: github.com/micro/go-micro
  version: d31cd76b8c4d317166cbc21fe3b27e93b0f37d0e
  subpackages:
  - client
  - cmd
  - metadata
  - server
  - broker
  - codec
  - codec/jsonrpc
  - codec/protorpc
  - errors
  - registry
  - selector
  - transport
  - broker/http
  - broker/mqtt
  - registry/consul
  - registry/mdns
  - selector/cache
  - transport/http
  - server/debug
  - selector/internal/blacklist
  - server/debug/proto
- name: github.com/micro/go-plugins
  version: a6da03ace5eea8093ab802a071970d3bb4be9075
  subpackages:
  - broker/nats
  - registry/nats
  - transport/nats
- name: github.com/micro/mdns
  version: d37bec73c909e7cb2930877f877e63dde9998d25
- name: github.com/micro/micro
  version: 6da9cf1551212ac201f11911869838becf768220
  subpackages:
  - car
  - internal/handler
  - internal/helper
  - internal/server
  - internal/stats
  - plugin
- name: github.com/micro/misc
  version: 677e2a0beb40a3dd7418548fe0cdc661e2922859
  subpackages:
  - lib/tls
- name: github.com/miekg/dns
  version: 75e6e86cc601825c5dbcd4e0c209eab180997cd7
- name: github.com/mitchellh/hashstructure
  version: b098c52ef6beab8cd82bc4a32422cf54b890e8fa
- name: github.com/nats-io/nats
  version: ce9cdc9addff268b4b75b72f7b6dcca012954c6a
  subpackages:
  - encoders/builtin
- name: github.com/nats-io/nuid
  version: a5152d67cf63cbfb5d992a395458722a45194715
- name: github.com/pborman/uuid
  version: c55201b036063326c5b1b89ccfe45a184973d073
- name: github.com/pusher-community/pusher-websocket-go
  version: 8872644df4d121342338d3296646ed78269d8a4b
- name: github.com/Sirupsen/logrus
  version: f3cfb454f4c209e6668c95216c4744b8fddb2356
- name: golang.org/x/net
  version: d7bf3545bb0dacf009c535b3d3fbf53ac0a339ab
  subpackages:
  - context
  - websocket
  - ipv4
  - ipv6
  - bpf
  - internal/iana
- name: golang.org/x/sys
  version: 62bee037599929a6e9146f29d10dd5208c43507d
  subpackages:
  - unix
- name: google.golang.org/grpc
  version: e78224b060cf3215247b7be455f80ea22e469b66
  subpackages:
  - metadata
devImports: []
